
Microsoft Visual Studio Solution File, Format Version 12.00
Project("{2150E333-8FDC-42A3-9474-1A3956D46DE8}") = "src", "src", "{7A584CF0-97C4-4639-8A85-C0C0FA7C2661}"
EndProject
Project("{FAE04EC0-301F-11D3-BF4B-00C04F79EFBC}") = "FamilyBudget.Bootstraper", "src\FamilyBudget.Bootstraper\FamilyBudget.Bootstraper.csproj", "{A38C54AC-6CC7-4257-B902-715F01BA636D}"
EndProject
Project("{FAE04EC0-301F-11D3-BF4B-00C04F79EFBC}") = "FamilyBudget.API", "src\FamilyBudget.API\FamilyBudget.API.csproj", "{6C60B747-97B8-4494-9BBD-83F954D0FECE}"
EndProject
Project("{FAE04EC0-301F-11D3-BF4B-00C04F79EFBC}") = "FamilyBudget.Core", "src\FamilyBudget.Core\FamilyBudget.Core.csproj", "{65211A79-D25C-4DA0-8B39-A46467E3470C}"
EndProject
Project("{FAE04EC0-301F-11D3-BF4B-00C04F79EFBC}") = "FamilyBudget.Infrastructure", "src\FamilyBudget.Infrastructure\FamilyBudget.Infrastructure.csproj", "{75B7B02C-4058-4463-838E-2D9AC38E3389}"
EndProject
Global
	GlobalSection(SolutionConfigurationPlatforms) = preSolution
		Debug|Any CPU = Debug|Any CPU
		Release|Any CPU = Release|Any CPU
	EndGlobalSection
	GlobalSection(NestedProjects) = preSolution
		{A38C54AC-6CC7-4257-B902-715F01BA636D} = {7A584CF0-97C4-4639-8A85-C0C0FA7C2661}
		{6C60B747-97B8-4494-9BBD-83F954D0FECE} = {7A584CF0-97C4-4639-8A85-C0C0FA7C2661}
		{65211A79-D25C-4DA0-8B39-A46467E3470C} = {7A584CF0-97C4-4639-8A85-C0C0FA7C2661}
		{75B7B02C-4058-4463-838E-2D9AC38E3389} = {7A584CF0-97C4-4639-8A85-C0C0FA7C2661}
	EndGlobalSection
	GlobalSection(ProjectConfigurationPlatforms) = postSolution
		{A38C54AC-6CC7-4257-B902-715F01BA636D}.Debug|Any CPU.ActiveCfg = Debug|Any CPU
		{A38C54AC-6CC7-4257-B902-715F01BA636D}.Debug|Any CPU.Build.0 = Debug|Any CPU
		{A38C54AC-6CC7-4257-B902-715F01BA636D}.Release|Any CPU.ActiveCfg = Release|Any CPU
		{A38C54AC-6CC7-4257-B902-715F01BA636D}.Release|Any CPU.Build.0 = Release|Any CPU
		{6C60B747-97B8-4494-9BBD-83F954D0FECE}.Debug|Any CPU.ActiveCfg = Debug|Any CPU
		{6C60B747-97B8-4494-9BBD-83F954D0FECE}.Debug|Any CPU.Build.0 = Debug|Any CPU
		{6C60B747-97B8-4494-9BBD-83F954D0FECE}.Release|Any CPU.ActiveCfg = Release|Any CPU
		{6C60B747-97B8-4494-9BBD-83F954D0FECE}.Release|Any CPU.Build.0 = Release|Any CPU
		{65211A79-D25C-4DA0-8B39-A46467E3470C}.Debug|Any CPU.ActiveCfg = Debug|Any CPU
		{65211A79-D25C-4DA0-8B39-A46467E3470C}.Debug|Any CPU.Build.0 = Debug|Any CPU
		{65211A79-D25C-4DA0-8B39-A46467E3470C}.Release|Any CPU.ActiveCfg = Release|Any CPU
		{65211A79-D25C-4DA0-8B39-A46467E3470C}.Release|Any CPU.Build.0 = Release|Any CPU
		{75B7B02C-4058-4463-838E-2D9AC38E3389}.Debug|Any CPU.ActiveCfg = Debug|Any CPU
		{75B7B02C-4058-4463-838E-2D9AC38E3389}.Debug|Any CPU.Build.0 = Debug|Any CPU
		{75B7B02C-4058-4463-838E-2D9AC38E3389}.Release|Any CPU.ActiveCfg = Release|Any CPU
		{75B7B02C-4058-4463-838E-2D9AC38E3389}.Release|Any CPU.Build.0 = Release|Any CPU
	EndGlobalSection
EndGlobal
